# THIS IS AN AUTOGENERATED FILE. DO NOT EDIT THIS FILE DIRECTLY.
# yarn lockfile v1


bootstrap@3:
  version "3.4.1"
  resolved "https://registry.yarnpkg.com/bootstrap/-/bootstrap-3.4.1.tgz#c3a347d419e289ad11f4033e3c4132b87c081d72"
  integrity sha512-yN5oZVmRCwe5aKwzRj6736nSmKDX7pLYwsXiCj/EYmo16hODaBiT4En5btW/jhBF/seV+XMx3aYwukYC3A49DA==

jquery@3:
  version "3.4.1"
  resolved "https://registry.yarnpkg.com/jquery/-/jquery-3.4.1.tgz#714f1f8d9dde4bdfa55764ba37ef214630d80ef2"
  integrity sha512-36+AdBzCL+y6qjw5Tx7HgzeGCzC81MDDgaUP8ld2zhx58HdqXGoBd+tHdrBMiyjGQs0Hxs/MLZTu/eHNJJuWPw==

sortablejs@^1.5.1:
  version "1.10.0"
  resolved "https://registry.yarnpkg.com/sortablejs/-/sortablejs-1.10.0.tgz#0ebc054acff2486569194a2f975b2b145dd5e7d6"
  integrity sha512-+e0YakK1BxgEZpf9l9UiFaiQ8ZOBn1p/4qkkXr8QDVmYyCrUDTyDRRGm0AgW4E4cD0wtgxJ6yzIRkSPUwqhuhg==
